Microsoft Visual Studio Solution File, Format Version 12.00
# Visual Studio Version 17
VisualStudioVersion = 17.0.31903.59
MinimumVisualStudioVersion = 10.0.40219.1
Project("{FAE04EC0-301F-11D3-BF4B-00C04F79EFBC}") = "IndustrialNeuralNetwork.ArchestrA", "IndustrialNeuralNetwork.ArchestrA\IndustrialNeuralNetwork.ArchestrA.csproj", "{98C76F18-B1B0-4DF4-A0A5-0377626A1427}"
EndProject
Global
    GlobalSection(SolutionConfigurationPlatforms) = preSolution
        Debug|Any CPU = Debug|Any CPU
        Release|Any CPU = Release|Any CPU
    EndGlobalSection
    GlobalSection(ProjectConfigurationPlatforms) = postSolution
        {98C76F18-B1B0-4DF4-A0A5-0377626A1427}.Debug|Any CPU.ActiveCfg = Debug|Any CPU
        {98C76F18-B1B0-4DF4-A0A5-0377626A1427}.Debug|Any CPU.Build.0 = Debug|Any CPU
        {98C76F18-B1B0-4DF4-A0A5-0377626A1427}.Release|Any CPU.ActiveCfg = Release|Any CPU
        {98C76F18-B1B0-4DF4-A0A5-0377626A1427}.Release|Any CPU.Build.0 = Release|Any CPU
    EndGlobalSection
EndGlobal
